PODS:
  - GPTuple (1.0.0)
  - GrapeSequence (1.0.0)

DEPENDENCIES:
  - GPTuple (~> 1.0.0)
  - GrapeSequence (~> 1.0.0)

SPEC REPOS:
  https://github.com/YanweiLi/GPSpecs.git:
    - GPTuple
    - GrapeSequence

SPEC CHECKSUMS:
  GPTuple: eda6a25628609fdca183872650babea14e249260
  GrapeSequence: 4a7cad2bfa4162ffac3e8cfe1401ec83d158cfc9

PODFILE CHECKSUM: 170cbe062d32981a4a9a36ff67c9a65adc55fdef

COCOAPODS: 1.5.3
