// !$*UTF8*$!
{
	archiveVersion = 1;
	classes = {
	};
	objectVersion = 48;
	objects = {

/* Begin PBXBuildFile section */
		327B019CDDF21448790503F7 /* libPods-GPFoundation.a in Frameworks */ = {isa = PBXBuildFile; fileRef = FCC7A7FD96E1A9FEBE856D1A /* libPods-GPFoundation.a */; };
		D756CDA521379CA0001A3E8A /* GPFoundation.h in Headers */ = {isa = PBXBuildFile; fileRef = D756CDA321379C8B001A3E8A /* GPFoundation.h */; settings = {ATTRIBUTES = (Public, ); }; };
		D756CDA821379CDD001A3E8A /* GPTuple+GPTransfer.h in Headers */ = {isa = PBXBuildFile; fileRef = D756CDA621379CDD001A3E8A /* GPTuple+GPTransfer.h */; settings = {ATTRIBUTES = (Public, ); }; };
		D756CDA921379CDD001A3E8A /* GPTuple+GPTransfer.m in Sources */ = {isa = PBXBuildFile; fileRef = D756CDA721379CDD001A3E8A /* GPTuple+GPTransfer.m */; };
/* End PBXBuildFile section */

/* Begin PBXFileReference section */
		007304F779D6C7E01F1721D5 /* Pods-GPFoundation.release.xcconfig */ = {isa = PBXFileReference; includeInIndex = 1; lastKnownFileType = text.xcconfig; name = "Pods-GPFoundation.release.xcconfig"; path = "../Pods/Target Support Files/Pods-GPFoundation/Pods-GPFoundation.release.xcconfig"; sourceTree = "<group>"; };
		C246062387197D7F87832B59 /* Pods-GPFoundation.debug.xcconfig */ = {isa = PBXFileReference; includeInIndex = 1; lastKnownFileType = text.xcconfig; name = "Pods-GPFoundation.debug.xcconfig"; path = "../Pods/Target Support Files/Pods-GPFoundation/Pods-GPFoundation.debug.xcconfig"; sourceTree = "<group>"; };
		D756CDA321379C8B001A3E8A /* GPFoundation.h */ = {isa = PBXFileReference; lastKnownFileType = sourcecode.c.h; path = GPFoundation.h; sourceTree = "<group>"; };
		D756CDA621379CDD001A3E8A /* GPTuple+GPTransfer.h */ = {isa = PBXFileReference; lastKnownFileType = sourcecode.c.h; path = "GPTuple+GPTransfer.h"; sourceTree = "<group>"; };
		D756CDA721379CDD001A3E8A /* GPTuple+GPTransfer.m */ = {isa = PBXFileReference; lastKnownFileType = sourcecode.c.objc; path = "GPTuple+GPTransfer.m"; sourceTree = "<group>"; };
		D7B462342137996C00F28E58 /* GPFoundation.framework */ = {isa = PBXFileReference; explicitFileType = wrapper.framework; includeInIndex = 0; path = GPFoundation.framework; sourceTree = BUILT_PRODUCTS_DIR; };
		D7B462392137996C00F28E58 /* Info.plist */ = {isa = PBXFileReference; lastKnownFileType = text.plist.xml; path = Info.plist; sourceTree = "<group>"; };
		FCC7A7FD96E1A9FEBE856D1A /* libPods-GPFoundation.a */ = {isa = PBXFileReference; explicitFileType = archive.ar; includeInIndex = 0; path = "libPods-GPFoundation.a"; sourceTree = BUILT_PRODUCTS_DIR; };
/* End PBXFileReference section */

/* Begin PBXFrameworksBuildPhase section */
		D7B4622F2137996C00F28E58 /* Frameworks */ = {
			isa = PBXFrameworksBuildPhase;
			buildActionMask = 2147483647;
			files = (
				327B019CDDF21448790503F7 /* libPods-GPFoundation.a in Frameworks */,
			);
			runOnlyForDeploymentPostprocessing = 0;
		};
/* End PBXFrameworksBuildPhase section */

/* Begin PBXGroup section */
		1E793EF4DE5D098519903941 /* Pods */ = {
			isa = PBXGroup;
			children = (
				C246062387197D7F87832B59 /* Pods-GPFoundation.debug.xcconfig */,
				007304F779D6C7E01F1721D5 /* Pods-GPFoundation.release.xcconfig */,
			);
			name = Pods;
			sourceTree = "<group>";
		};
		62CFA7877B53A91D3BA8567F /* Frameworks */ = {
			isa = PBXGroup;
			children = (
				FCC7A7FD96E1A9FEBE856D1A /* libPods-GPFoundation.a */,
			);
			name = Frameworks;
			sourceTree = "<group>";
		};
		D7B462292137996C00F28E58 = {
			isa = PBXGroup;
			children = (
				D7B462362137996C00F28E58 /* GPFoundation */,
				D7B462352137996C00F28E58 /* Products */,
				1E793EF4DE5D098519903941 /* Pods */,
				62CFA7877B53A91D3BA8567F /* Frameworks */,
			);
			sourceTree = "<group>";
		};
		D7B462352137996C00F28E58 /* Products */ = {
			isa = PBXGroup;
			children = (
				D7B462342137996C00F28E58 /* GPFoundation.framework */,
			);
			name = Products;
			sourceTree = "<group>";
		};
		D7B462362137996C00F28E58 /* GPFoundation */ = {
			isa = PBXGroup;
			children = (
				D7B462392137996C00F28E58 /* Info.plist */,
				D756CDA321379C8B001A3E8A /* GPFoundation.h */,
				D756CDA621379CDD001A3E8A /* GPTuple+GPTransfer.h */,
				D756CDA721379CDD001A3E8A /* GPTuple+GPTransfer.m */,
			);
			path = GPFoundation;
			sourceTree = "<group>";
		};
/* End PBXGroup section */

/* Begin PBXHeadersBuildPhase section */
		D7B462302137996C00F28E58 /* Headers */ = {
			isa = PBXHeadersBuildPhase;
			buildActionMask = 2147483647;
			files = (
				D756CDA821379CDD001A3E8A /* GPTuple+GPTransfer.h in Headers */,
				D756CDA521379CA0001A3E8A /* GPFoundation.h in Headers */,
			);
			runOnlyForDeploymentPostprocessing = 0;
		};
		D7B462322137996C00F28E58 /* Headers */ = {
			isa = PBXHeadersBuildPhase;
			buildActionMask = 2147483647;
			files = (
			);
			runOnlyForDeploymentPostprocessing = 0;
		};
/* End PBXHeadersBuildPhase section */

/* Begin PBXNativeTarget section */
		D7B462332137996C00F28E58 /* GPFoundation */ = {
			isa = PBXNativeTarget;
			buildConfigurationList = D7B4623C2137996C00F28E58 /* Build configuration list for PBXNativeTarget "GPFoundation" */;
			buildPhases = (
				9A6E5364B70F2B226A8D2955 /* [CP] Check Pods Manifest.lock */,
				D7B4622E2137996C00F28E58 /* Sources */,
				D7B4622F2137996C00F28E58 /* Frameworks */,
				D7B462302137996C00F28E58 /* Headers */,
				D7B462312137996C00F28E58 /* Resources */,
				D7B462322137996C00F28E58 /* Headers */,
			);
			buildRules = (
			);
			dependencies = (
			);
			name = GPFoundation;
			productName = GPFoundation;
			productReference = D7B462342137996C00F28E58 /* GPFoundation.framework */;
			productType = "com.apple.product-type.framework";
		};
/* End PBXNativeTarget section */

/* Begin PBXProject section */
		D7B4622A2137996C00F28E58 /* Project object */ = {
			isa = PBXProject;
			attributes = {
				LastUpgradeCheck = 0920;
				ORGANIZATIONNAME = Liyanwei;
				TargetAttributes = {
					D7B462332137996C00F28E58 = {
						CreatedOnToolsVersion = 9.2;
						ProvisioningStyle = Automatic;
					};
				};
			};
			buildConfigurationList = D7B4622D2137996C00F28E58 /* Build configuration list for PBXProject "GPFoundation" */;
			compatibilityVersion = "Xcode 8.0";
			developmentRegion = en;
			hasScannedForEncodings = 0;
			knownRegions = (
				en,
			);
			mainGroup = D7B462292137996C00F28E58;
			productRefGroup = D7B462352137996C00F28E58 /* Products */;
			projectDirPath = "";
			projectRoot = "";
			targets = (
				D7B462332137996C00F28E58 /* GPFoundation */,
			);
		};
/* End PBXProject section */

/* Begin PBXResourcesBuildPhase section */
		D7B462312137996C00F28E58 /* Resources */ = {
			isa = PBXResourcesBuildPhase;
			buildActionMask = 2147483647;
			files = (
			);
			runOnlyForDeploymentPostprocessing = 0;
		};
/* End PBXResourcesBuildPhase section */

/* Begin PBXShellScriptBuildPhase section */
		9A6E5364B70F2B226A8D2955 /* [CP] Check Pods Manifest.lock */ = {
			isa = PBXShellScriptBuildPhase;
			buildActionMask = 2147483647;
			files = (
			);
			inputPaths = (
				"${PODS_PODFILE_DIR_PATH}/Podfile.lock",
				"${PODS_ROOT}/Manifest.lock",
			);
			name = "[CP] Check Pods Manifest.lock";
			outputPaths = (
				"$(DERIVED_FILE_DIR)/Pods-GPFoundation-checkManifestLockResult.txt",
			);
			runOnlyForDeploymentPostprocessing = 0;
			shellPath = /bin/sh;
			shellScript = "diff \"${PODS_PODFILE_DIR_PATH}/Podfile.lock\" \"${PODS_ROOT}/Manifest.lock\" > /dev/null\nif [ $? != 0 ] ; then\n    # print error to STDERR\n    echo \"error: The sandbox is not in sync with the Podfile.lock. Run 'pod install' or update your CocoaPods installation.\" >&2\n    exit 1\nfi\n# This output is used by Xcode 'outputs' to avoid re-running this script phase.\necho \"SUCCESS\" > \"${SCRIPT_OUTPUT_FILE_0}\"\n";
			showEnvVarsInLog = 0;
		};
/* End PBXShellScriptBuildPhase section */

/* Begin PBXSourcesBuildPhase section */
		D7B4622E2137996C00F28E58 /* Sources */ = {
			isa = PBXSourcesBuildPhase;
			buildActionMask = 2147483647;
			files = (
				D756CDA921379CDD001A3E8A /* GPTuple+GPTransfer.m in Sources */,
			);
			runOnlyForDeploymentPostprocessing = 0;
		};
/* End PBXSourcesBuildPhase section */

/* Begin XCBuildConfiguration section */
		D7B4623A2137996C00F28E58 /* Debug */ = {
			isa = XCBuildConfiguration;
			buildSettings = {
				ALWAYS_SEARCH_USER_PATHS = NO;
				CLANG_ANALYZER_NONNULL = YES;
				CLANG_ANALYZER_NUMBER_OBJECT_CONVERSION = YES_AGGRESSIVE;
				CLANG_CXX_LANGUAGE_STANDARD = "gnu++14";
				CLANG_CXX_LIBRARY = "libc++";
				CLANG_ENABLE_MODULES = YES;
				CLANG_ENABLE_OBJC_ARC = YES;
				CLANG_WARN_BLOCK_CAPTURE_AUTORELEASING = YES;
				CLANG_WARN_BOOL_CONVERSION = YES;
				CLANG_WARN_COMMA = YES;
				CLANG_WARN_CONSTANT_CONVERSION = YES;
				CLANG_WARN_DIRECT_OBJC_ISA_USAGE = YES_ERROR;
				CLANG_WARN_DOCUMENTATION_COMMENTS = YES;
				CLANG_WARN_EMPTY_BODY = YES;
				CLANG_WARN_ENUM_CONVERSION = YES;
				CLANG_WARN_INFINITE_RECURSION = YES;
				CLANG_WARN_INT_CONVERSION = YES;
				CLANG_WARN_NON_LITERAL_NULL_CONVERSION = YES;
				CLANG_WARN_OBJC_LITERAL_CONVERSION = YES;
				CLANG_WARN_OBJC_ROOT_CLASS = YES_ERROR;
				CLANG_WARN_RANGE_LOOP_ANALYSIS = YES;
				CLANG_WARN_STRICT_PROTOTYPES = YES;
				CLANG_WARN_SUSPICIOUS_MOVE = YES;
				CLANG_WARN_UNGUARDED_AVAILABILITY = YES_AGGRESSIVE;
				CLANG_WARN_UNREACHABLE_CODE = YES;
				CLANG_WARN__DUPLICATE_METHOD_MATCH = YES;
				CODE_SIGN_IDENTITY = "iPhone Developer";
				COPY_PHASE_STRIP = NO;
				CURRENT_PROJECT_VERSION = 1;
				DEBUG_INFORMATION_FORMAT = dwarf;
				ENABLE_STRICT_OBJC_MSGSEND = YES;
				ENABLE_TESTABILITY = YES;
				FRAMEWORK_SEARCH_PATHS = "$(inherited)";
				GCC_C_LANGUAGE_STANDARD = gnu11;
				GCC_DYNAMIC_NO_PIC = NO;
				GCC_NO_COMMON_BLOCKS = YES;
				GCC_OPTIMIZATION_LEVEL = 0;
				GCC_PREPROCESSOR_DEFINITIONS = (
					"DEBUG=1",
					"$(inherited)",
				);
				GCC_WARN_64_TO_32_BIT_CONVERSION = YES;
				GCC_WARN_ABOUT_RETURN_TYPE = YES_ERROR;
				GCC_WARN_UNDECLARED_SELECTOR = YES;
				GCC_WARN_UNINITIALIZED_AUTOS = YES_AGGRESSIVE;
				GCC_WARN_UNUSED_FUNCTION = YES;
				GCC_WARN_UNUSED_VARIABLE = YES;
				HEADER_SEARCH_PATHS = "$(inherited)";
				IPHONEOS_DEPLOYMENT_TARGET = 11.2;
				LIBRARY_SEARCH_PATHS = "$(inherited)";
				MTL_ENABLE_DEBUG_INFO = YES;
				ONLY_ACTIVE_ARCH = YES;
				OTHER_CFLAGS = "$(inherited)";
				OTHER_LDFLAGS = "$(inherited)";
				SDKROOT = iphoneos;
				TARGETED_DEVICE_FAMILY = "1,2";
				VERSIONING_SYSTEM = "apple-generic";
				VERSION_INFO_PREFIX = "";
			};
			name = Debug;
		};
		D7B4623B2137996C00F28E58 /* Release */ = {
			isa = XCBuildConfiguration;
			buildSettings = {
				ALWAYS_SEARCH_USER_PATHS = NO;
				CLANG_ANALYZER_NONNULL = YES;
				CLANG_ANALYZER_NUMBER_OBJECT_CONVERSION = YES_AGGRESSIVE;
				CLANG_CXX_LANGUAGE_STANDARD = "gnu++14";
				CLANG_CXX_LIBRARY = "libc++";
				CLANG_ENABLE_MODULES = YES;
				CLANG_ENABLE_OBJC_ARC = YES;
				CLANG_WARN_BLOCK_CAPTURE_AUTORELEASING = YES;
				CLANG_WARN_BOOL_CONVERSION = YES;
				CLANG_WARN_COMMA = YES;
				CLANG_WARN_CONSTANT_CONVERSION = YES;
				CLANG_WARN_DIRECT_OBJC_ISA_USAGE = YES_ERROR;
				CLANG_WARN_DOCUMENTATION_COMMENTS = YES;
				CLANG_WARN_EMPTY_BODY = YES;
				CLANG_WARN_ENUM_CONVERSION = YES;
				CLANG_WARN_INFINITE_RECURSION = YES;
				CLANG_WARN_INT_CONVERSION = YES;
				CLANG_WARN_NON_LITERAL_NULL_CONVERSION = YES;
				CLANG_WARN_OBJC_LITERAL_CONVERSION = YES;
				CLANG_WARN_OBJC_ROOT_CLASS = YES_ERROR;
				CLANG_WARN_RANGE_LOOP_ANALYSIS = YES;
				CLANG_WARN_STRICT_PROTOTYPES = YES;
				CLANG_WARN_SUSPICIOUS_MOVE = YES;
				CLANG_WARN_UNGUARDED_AVAILABILITY = YES_AGGRESSIVE;
				CLANG_WARN_UNREACHABLE_CODE = YES;
				CLANG_WARN__DUPLICATE_METHOD_MATCH = YES;
				CODE_SIGN_IDENTITY = "iPhone Developer";
				COPY_PHASE_STRIP = NO;
				CURRENT_PROJECT_VERSION = 1;
				DEBUG_INFORMATION_FORMAT = "dwarf-with-dsym";
				ENABLE_NS_ASSERTIONS = NO;
				ENABLE_STRICT_OBJC_MSGSEND = YES;
				FRAMEWORK_SEARCH_PATHS = "$(inherited)";
				GCC_C_LANGUAGE_STANDARD = gnu11;
				GCC_NO_COMMON_BLOCKS = YES;
				GCC_WARN_64_TO_32_BIT_CONVERSION = YES;
				GCC_WARN_ABOUT_RETURN_TYPE = YES_ERROR;
				GCC_WARN_UNDECLARED_SELECTOR = YES;
				GCC_WARN_UNINITIALIZED_AUTOS = YES_AGGRESSIVE;
				GCC_WARN_UNUSED_FUNCTION = YES;
				GCC_WARN_UNUSED_VARIABLE = YES;
				HEADER_SEARCH_PATHS = "$(inherited)";
				IPHONEOS_DEPLOYMENT_TARGET = 11.2;
				LIBRARY_SEARCH_PATHS = "$(inherited)";
				MTL_ENABLE_DEBUG_INFO = NO;
				OTHER_CFLAGS = "$(inherited)";
				OTHER_LDFLAGS = "$(inherited)";
				SDKROOT = iphoneos;
				TARGETED_DEVICE_FAMILY = "1,2";
				VALIDATE_PRODUCT = YES;
				VERSIONING_SYSTEM = "apple-generic";
				VERSION_INFO_PREFIX = "";
			};
			name = Release;
		};
		D7B4623D2137996C00F28E58 /* Debug */ = {
			isa = XCBuildConfiguration;
			baseConfigurationReference = C246062387197D7F87832B59 /* Pods-GPFoundation.debug.xcconfig */;
			buildSettings = {
				CODE_SIGNING_ALLOWED = NO;
				CODE_SIGNING_REQUIRED = NO;
				CODE_SIGN_IDENTITY = "";
				CODE_SIGN_STYLE = Automatic;
				DEFINES_MODULE = YES;
				DEVELOPMENT_TEAM = V49Y6Y2SC7;
				DYLIB_COMPATIBILITY_VERSION = 1;
				DYLIB_CURRENT_VERSION = 1;
				DYLIB_INSTALL_NAME_BASE = "@rpath";
				EXPANDED_CODE_SIGN_IDENTITY = "";
				INFOPLIST_FILE = GPFoundation/Info.plist;
				INFOPLIST_PATH = "$(FULL_PRODUCT_NAME)/Info.plist";
				INSTALL_PATH = "$(LOCAL_LIBRARY_DIR)/Frameworks";
				LD_RUNPATH_SEARCH_PATHS = "$(inherited) @executable_path/Frameworks @loader_path/Frameworks";
				MACH_O_TYPE = staticlib;
				OTHER_CFLAGS = "$(inherited)";
				OTHER_LDFLAGS = "$(inherited)";
				PRODUCT_BUNDLE_IDENTIFIER = com.grapevine.GPFoundation;
				PRODUCT_NAME = GPFoundation;
				SKIP_INSTALL = YES;
				TARGETED_DEVICE_FAMILY = "1,2";
				UNLOCALIZED_RESOURCES_FOLDER_PATH = "$(FULL_PRODUCT_NAME)/Resources";
			};
			name = Debug;
		};
		D7B4623E2137996C00F28E58 /* Release */ = {
			isa = XCBuildConfiguration;
			baseConfigurationReference = 007304F779D6C7E01F1721D5 /* Pods-GPFoundation.release.xcconfig */;
			buildSettings = {
				CODE_SIGNING_ALLOWED = NO;
				CODE_SIGNING_REQUIRED = NO;
				CODE_SIGN_IDENTITY = "";
				CODE_SIGN_STYLE = Automatic;
				DEFINES_MODULE = YES;
				DEVELOPMENT_TEAM = V49Y6Y2SC7;
				DYLIB_COMPATIBILITY_VERSION = 1;
				DYLIB_CURRENT_VERSION = 1;
				DYLIB_INSTALL_NAME_BASE = "@rpath";
				EXPANDED_CODE_SIGN_IDENTITY = "";
				INFOPLIST_FILE = GPFoundation/Info.plist;
				INFOPLIST_PATH = "$(FULL_PRODUCT_NAME)/Info.plist";
				INSTALL_PATH = "$(LOCAL_LIBRARY_DIR)/Frameworks";
				LD_RUNPATH_SEARCH_PATHS = "$(inherited) @executable_path/Frameworks @loader_path/Frameworks";
				MACH_O_TYPE = staticlib;
				OTHER_CFLAGS = "$(inherited)";
				OTHER_LDFLAGS = "$(inherited)";
				PRODUCT_BUNDLE_IDENTIFIER = com.grapevine.GPFoundation;
				PRODUCT_NAME = GPFoundation;
				SKIP_INSTALL = YES;
				TARGETED_DEVICE_FAMILY = "1,2";
				UNLOCALIZED_RESOURCES_FOLDER_PATH = "$(FULL_PRODUCT_NAME)/Resources";
			};
			name = Release;
		};
/* End XCBuildConfiguration section */

/* Begin XCConfigurationList section */
		D7B4622D2137996C00F28E58 /* Build configuration list for PBXProject "GPFoundation" */ = {
			isa = XCConfigurationList;
			buildConfigurations = (
				D7B4623A2137996C00F28E58 /* Debug */,
				D7B4623B2137996C00F28E58 /* Release */,
			);
			defaultConfigurationIsVisible = 0;
			defaultConfigurationName = Release;
		};
		D7B4623C2137996C00F28E58 /* Build configuration list for PBXNativeTarget "GPFoundation" */ = {
			isa = XCConfigurationList;
			buildConfigurations = (
				D7B4623D2137996C00F28E58 /* Debug */,
				D7B4623E2137996C00F28E58 /* Release */,
			);
			defaultConfigurationIsVisible = 0;
			defaultConfigurationName = Release;
		};
/* End XCConfigurationList section */
	};
	rootObject = D7B4622A2137996C00F28E58 /* Project object */;
}
